
Microsoft Visual Studio Solution File, Format Version 12.00
# Visual Studio Version 16
VisualStudioVersion = 16.0.31729.503
MinimumVisualStudioVersion = 10.0.40219.1
Project("{FAE04EC0-301F-11D3-BF4B-00C04F79EFBC}") = "StaticSample", "StaticSample.csproj", "{C9492597-8B69-42C1-8ECC-8F861216351A}"
EndProject
Global
	GlobalSection(SolutionConfigurationPlatforms) = preSolution
		Debug|Any CPU = Debug|Any CPU
		Release|Any CPU = Release|Any CPU
	EndGlobalSection
	GlobalSection(ProjectConfigurationPlatforms) = postSolution
		{C9492597-8B69-42C1-8ECC-8F861216351A}.Debug|Any CPU.ActiveCfg = Debug|Any CPU
		{C9492597-8B69-42C1-8ECC-8F861216351A}.Debug|Any CPU.Build.0 = Debug|Any CPU
		{C9492597-8B69-42C1-8ECC-8F861216351A}.Release|Any CPU.ActiveCfg = Release|Any CPU
		{C9492597-8B69-42C1-8ECC-8F861216351A}.Release|Any CPU.Build.0 = Release|Any CPU
	EndGlobalSection
	GlobalSection(SolutionProperties) = preSolution
		HideSolutionNode = FALSE
	EndGlobalSection
	GlobalSection(ExtensibilityGlobals) = postSolution
		SolutionGuid = {A413C216-D8C7-4A66-8652-B50A1BC7E632}
	EndGlobalSection
EndGlobal
