
Microsoft Visual Studio Solution File, Format Version 12.00
# Visual Studio Version 16
VisualStudioVersion = 16.0.31729.503
MinimumVisualStudioVersion = 10.0.40219.1
Project("{FAE04EC0-301F-11D3-BF4B-00C04F79EFBC}") = "GenericExample", "GenericExample.csproj", "{A64FC505-93A5-4AC7-AAD6-F27F827442B6}"
EndProject
Global
	GlobalSection(SolutionConfigurationPlatforms) = preSolution
		Debug|Any CPU = Debug|Any CPU
		Release|Any CPU = Release|Any CPU
	EndGlobalSection
	GlobalSection(ProjectConfigurationPlatforms) = postSolution
		{A64FC505-93A5-4AC7-AAD6-F27F827442B6}.Debug|Any CPU.ActiveCfg = Debug|Any CPU
		{A64FC505-93A5-4AC7-AAD6-F27F827442B6}.Debug|Any CPU.Build.0 = Debug|Any CPU
		{A64FC505-93A5-4AC7-AAD6-F27F827442B6}.Release|Any CPU.ActiveCfg = Release|Any CPU
		{A64FC505-93A5-4AC7-AAD6-F27F827442B6}.Release|Any CPU.Build.0 = Release|Any CPU
	EndGlobalSection
	GlobalSection(SolutionProperties) = preSolution
		HideSolutionNode = FALSE
	EndGlobalSection
	GlobalSection(ExtensibilityGlobals) = postSolution
		SolutionGuid = {2D515C4E-DC1E-432A-8999-0267E286FE24}
	EndGlobalSection
EndGlobal
