
Microsoft Visual Studio Solution File, Format Version 12.00
# Visual Studio Version 16
VisualStudioVersion = 16.0.31729.503
MinimumVisualStudioVersion = 10.0.40219.1
Project("{FAE04EC0-301F-11D3-BF4B-00C04F79EFBC}") = "AnomynousClass", "AnomynousClass.csproj", "{A92C2637-5F42-4EC2-BD3F-A12657F039A5}"
EndProject
Global
	GlobalSection(SolutionConfigurationPlatforms) = preSolution
		Debug|Any CPU = Debug|Any CPU
		Release|Any CPU = Release|Any CPU
	EndGlobalSection
	GlobalSection(ProjectConfigurationPlatforms) = postSolution
		{A92C2637-5F42-4EC2-BD3F-A12657F039A5}.Debug|Any CPU.ActiveCfg = Debug|Any CPU
		{A92C2637-5F42-4EC2-BD3F-A12657F039A5}.Debug|Any CPU.Build.0 = Debug|Any CPU
		{A92C2637-5F42-4EC2-BD3F-A12657F039A5}.Release|Any CPU.ActiveCfg = Release|Any CPU
		{A92C2637-5F42-4EC2-BD3F-A12657F039A5}.Release|Any CPU.Build.0 = Release|Any CPU
	EndGlobalSection
	GlobalSection(SolutionProperties) = preSolution
		HideSolutionNode = FALSE
	EndGlobalSection
	GlobalSection(ExtensibilityGlobals) = postSolution
		SolutionGuid = {590A24D0-B676-432C-BDB7-3DFEF225E463}
	EndGlobalSection
EndGlobal
